
Microsoft Visual Studio Solution File, Format Version 12.00
# Visual Studio Version 16
VisualStudioVersion = 16.0.31702.278
MinimumVisualStudioVersion = 10.0.40219.1
Project("{9A19103F-16F7-4668-BE54-9A1E7A4F7556}") = "pz_5", "pz_5\pz_5.csproj", "{FFB73ACF-32C8-4A1C-B460-009D0A47AD5C}"
EndProject
Project("{9A19103F-16F7-4668-BE54-9A1E7A4F7556}") = "pz_6", "pz_6\pz_6.csproj", "{C320B505-A065-4BF5-B7DC-C5C4310635F8}"
EndProject
Project("{9A19103F-16F7-4668-BE54-9A1E7A4F7556}") = "pz_8", "pz_8\pz_8.csproj", "{7C14CB8B-EB01-4B18-8AEE-D856627BCF6B}"
EndProject
Project("{9A19103F-16F7-4668-BE54-9A1E7A4F7556}") = "pz_9", "pz_9\pz_9.csproj", "{6D5F9021-9AC3-4761-A0ED-BA31D4D0B6FC}"
EndProject
Project("{FAE04EC0-301F-11D3-BF4B-00C04F79EFBC}") = "pz_11", "pz_11\pz_11.csproj", "{0DA778E6-9601-4F77-BACA-2B11A6111CA4}"
EndProject
Global
	GlobalSection(SolutionConfigurationPlatforms) = preSolution
		Debug|Any CPU = Debug|Any CPU
		Release|Any CPU = Release|Any CPU
	EndGlobalSection
	GlobalSection(ProjectConfigurationPlatforms) = postSolution
		{FFB73ACF-32C8-4A1C-B460-009D0A47AD5C}.Debug|Any CPU.ActiveCfg = Debug|Any CPU
		{FFB73ACF-32C8-4A1C-B460-009D0A47AD5C}.Debug|Any CPU.Build.0 = Debug|Any CPU
		{FFB73ACF-32C8-4A1C-B460-009D0A47AD5C}.Release|Any CPU.ActiveCfg = Release|Any CPU
		{FFB73ACF-32C8-4A1C-B460-009D0A47AD5C}.Release|Any CPU.Build.0 = Release|Any CPU
		{C320B505-A065-4BF5-B7DC-C5C4310635F8}.Debug|Any CPU.ActiveCfg = Debug|Any CPU
		{C320B505-A065-4BF5-B7DC-C5C4310635F8}.Debug|Any CPU.Build.0 = Debug|Any CPU
		{C320B505-A065-4BF5-B7DC-C5C4310635F8}.Release|Any CPU.ActiveCfg = Release|Any CPU
		{C320B505-A065-4BF5-B7DC-C5C4310635F8}.Release|Any CPU.Build.0 = Release|Any CPU
		{7C14CB8B-EB01-4B18-8AEE-D856627BCF6B}.Debug|Any CPU.ActiveCfg = Debug|Any CPU
		{7C14CB8B-EB01-4B18-8AEE-D856627BCF6B}.Debug|Any CPU.Build.0 = Debug|Any CPU
		{7C14CB8B-EB01-4B18-8AEE-D856627BCF6B}.Release|Any CPU.ActiveCfg = Release|Any CPU
		{7C14CB8B-EB01-4B18-8AEE-D856627BCF6B}.Release|Any CPU.Build.0 = Release|Any CPU
		{6D5F9021-9AC3-4761-A0ED-BA31D4D0B6FC}.Debug|Any CPU.ActiveCfg = Debug|Any CPU
		{6D5F9021-9AC3-4761-A0ED-BA31D4D0B6FC}.Debug|Any CPU.Build.0 = Debug|Any CPU
		{6D5F9021-9AC3-4761-A0ED-BA31D4D0B6FC}.Release|Any CPU.ActiveCfg = Release|Any CPU
		{6D5F9021-9AC3-4761-A0ED-BA31D4D0B6FC}.Release|Any CPU.Build.0 = Release|Any CPU
		{0DA778E6-9601-4F77-BACA-2B11A6111CA4}.Debug|Any CPU.ActiveCfg = Debug|Any CPU
		{0DA778E6-9601-4F77-BACA-2B11A6111CA4}.Debug|Any CPU.Build.0 = Debug|Any CPU
		{0DA778E6-9601-4F77-BACA-2B11A6111CA4}.Release|Any CPU.ActiveCfg = Release|Any CPU
		{0DA778E6-9601-4F77-BACA-2B11A6111CA4}.Release|Any CPU.Build.0 = Release|Any CPU
	EndGlobalSection
	GlobalSection(SolutionProperties) = preSolution
		HideSolutionNode = FALSE
	EndGlobalSection
	GlobalSection(ExtensibilityGlobals) = postSolution
		SolutionGuid = {98075F76-A58B-4DC6-8636-2B7BE56841E6}
	EndGlobalSection
EndGlobal
